// !$*UTF8*$!
{
	archiveVersion = 1;
	classes = {
	};
	objectVersion = 50;
	objects = {

/* Begin PBXBuildFile section */
		50908AD3242CEB5C00D0F2F0 /* AppDelegate.swift in Sources */ = {isa = PBXBuildFile; fileRef = 50908AD2242CEB5C00D0F2F0 /* AppDelegate.swift */; };
		50908AD5242CEB5C00D0F2F0 /* SceneDelegate.swift in Sources */ = {isa = PBXBuildFile; fileRef = 50908AD4242CEB5C00D0F2F0 /* SceneDelegate.swift */; };
		50908AD7242CEB5C00D0F2F0 /* ViewController.swift in Sources */ = {isa = PBXBuildFile; fileRef = 50908AD6242CEB5C00D0F2F0 /* ViewController.swift */; };
		50908ADA242CEB5C00D0F2F0 /* Main.storyboard in Resources */ = {isa = PBXBuildFile; fileRef = 50908AD8242CEB5C00D0F2F0 /* Main.storyboard */; };
		50908ADC242CEB5E00D0F2F0 /* Assets.xcassets in Resources */ = {isa = PBXBuildFile; fileRef = 50908ADB242CEB5E00D0F2F0 /* Assets.xcassets */; };
		50908ADF242CEB5E00D0F2F0 /* LaunchScreen.storyboard in Resources */ = {isa = PBXBuildFile; fileRef = 50908ADD242CEB5E00D0F2F0 /* LaunchScreen.storyboard */; };
		50908AE7242CECFD00D0F2F0 /* GoogleService-Info.plist in Resources */ = {isa = PBXBuildFile; fileRef = 50908AE6242CECFD00D0F2F0 /* GoogleService-Info.plist */; };
		EBF6A7B6937AE5D96EF2502C /* Pods_GoogleAnalyticsFirebase.framework in Frameworks */ = {isa = PBXBuildFile; fileRef = 921E559EFF5861568AAC5B64 /* Pods_GoogleAnalyticsFirebase.framework */; };
/* End PBXBuildFile section */

/* Begin PBXFileReference section */
		0A186DC5FD8A66324559BA7E /* Pods-GoogleAnalyticsFirebase.debug.xcconfig */ = {isa = PBXFileReference; includeInIndex = 1; lastKnownFileType = text.xcconfig; name = "Pods-GoogleAnalyticsFirebase.debug.xcconfig"; path = "Target Support Files/Pods-GoogleAnalyticsFirebase/Pods-GoogleAnalyticsFirebase.debug.xcconfig"; sourceTree = "<group>"; };
		50908ACF242CEB5C00D0F2F0 /* GoogleAnalyticsFirebase.app */ = {isa = PBXFileReference; explicitFileType = wrapper.application; includeInIndex = 0; path = GoogleAnalyticsFirebase.app; sourceTree = BUILT_PRODUCTS_DIR; };
		50908AD2242CEB5C00D0F2F0 /* AppDelegate.swift */ = {isa = PBXFileReference; lastKnownFileType = sourcecode.swift; path = AppDelegate.swift; sourceTree = "<group>"; };
		50908AD4242CEB5C00D0F2F0 /* SceneDelegate.swift */ = {isa = PBXFileReference; lastKnownFileType = sourcecode.swift; path = SceneDelegate.swift; sourceTree = "<group>"; };
		50908AD6242CEB5C00D0F2F0 /* ViewController.swift */ = {isa = PBXFileReference; lastKnownFileType = sourcecode.swift; path = ViewController.swift; sourceTree = "<group>"; };
		50908AD9242CEB5C00D0F2F0 /* Base */ = {isa = PBXFileReference; lastKnownFileType = file.storyboard; name = Base; path = Base.lproj/Main.storyboard; sourceTree = "<group>"; };
		50908ADB242CEB5E00D0F2F0 /* Assets.xcassets */ = {isa = PBXFileReference; lastKnownFileType = folder.assetcatalog; path = Assets.xcassets; sourceTree = "<group>"; };
		50908ADE242CEB5E00D0F2F0 /* Base */ = {isa = PBXFileReference; lastKnownFileType = file.storyboard; name = Base; path = Base.lproj/LaunchScreen.storyboard; sourceTree = "<group>"; };
		50908AE0242CEB5E00D0F2F0 /* Info.plist */ = {isa = PBXFileReference; lastKnownFileType = text.plist.xml; path = Info.plist; sourceTree = "<group>"; };
		50908AE6242CECFD00D0F2F0 /* GoogleService-Info.plist */ = {isa = PBXFileReference; fileEncoding = 4; lastKnownFileType = text.plist.xml; path = "GoogleService-Info.plist"; sourceTree = "<group>"; };
		6849FB062840D3E54C9C310F /* Pods-GoogleAnalyticsFirebase.release.xcconfig */ = {isa = PBXFileReference; includeInIndex = 1; lastKnownFileType = text.xcconfig; name = "Pods-GoogleAnalyticsFirebase.release.xcconfig"; path = "Target Support Files/Pods-GoogleAnalyticsFirebase/Pods-GoogleAnalyticsFirebase.release.xcconfig"; sourceTree = "<group>"; };
		921E559EFF5861568AAC5B64 /* Pods_GoogleAnalyticsFirebase.framework */ = {isa = PBXFileReference; explicitFileType = wrapper.framework; includeInIndex = 0; path = Pods_GoogleAnalyticsFirebase.framework; sourceTree = BUILT_PRODUCTS_DIR; };
/* End PBXFileReference section */

/* Begin PBXFrameworksBuildPhase section */
		50908ACC242CEB5C00D0F2F0 /* Frameworks */ = {
			isa = PBXFrameworksBuildPhase;
			buildActionMask = 2147483647;
			files = (
				EBF6A7B6937AE5D96EF2502C /* Pods_GoogleAnalyticsFirebase.framework in Frameworks */,
			);
			runOnlyForDeploymentPostprocessing = 0;
		};
/* End PBXFrameworksBuildPhase section */

/* Begin PBXGroup section */
		50908AC6242CEB5C00D0F2F0 = {
			isa = PBXGroup;
			children = (
				50908AD1242CEB5C00D0F2F0 /* GoogleAnalyticsFirebase */,
				50908AD0242CEB5C00D0F2F0 /* Products */,
				94DB7A011AFE85894388B77A /* Pods */,
				E2CCCE2B5CE1EA16739694B4 /* Frameworks */,
			);
			sourceTree = "<group>";
		};
		50908AD0242CEB5C00D0F2F0 /* Products */ = {
			isa = PBXGroup;
			children = (
				50908ACF242CEB5C00D0F2F0 /* GoogleAnalyticsFirebase.app */,
			);
			name = Products;
			sourceTree = "<group>";
		};
		50908AD1242CEB5C00D0F2F0 /* GoogleAnalyticsFirebase */ = {
			isa = PBXGroup;
			children = (
				50908AD2242CEB5C00D0F2F0 /* AppDelegate.swift */,
				50908AD4242CEB5C00D0F2F0 /* SceneDelegate.swift */,
				50908AD6242CEB5C00D0F2F0 /* ViewController.swift */,
				50908AD8242CEB5C00D0F2F0 /* Main.storyboard */,
				50908ADB242CEB5E00D0F2F0 /* Assets.xcassets */,
				50908ADD242CEB5E00D0F2F0 /* LaunchScreen.storyboard */,
				50908AE0242CEB5E00D0F2F0 /* Info.plist */,
				50908AE6242CECFD00D0F2F0 /* GoogleService-Info.plist */,
			);
			path = GoogleAnalyticsFirebase;
			sourceTree = "<group>";
		};
		94DB7A011AFE85894388B77A /* Pods */ = {
			isa = PBXGroup;
			children = (
				0A186DC5FD8A66324559BA7E /* Pods-GoogleAnalyticsFirebase.debug.xcconfig */,
				6849FB062840D3E54C9C310F /* Pods-GoogleAnalyticsFirebase.release.xcconfig */,
			);
			name = Pods;
			path = Pods;
			sourceTree = "<group>";
		};
		E2CCCE2B5CE1EA16739694B4 /* Frameworks */ = {
			isa = PBXGroup;
			children = (
				921E559EFF5861568AAC5B64 /* Pods_GoogleAnalyticsFirebase.framework */,
			);
			name = Frameworks;
			sourceTree = "<group>";
		};
/* End PBXGroup section */

/* Begin PBXNativeTarget section */
		50908ACE242CEB5C00D0F2F0 /* GoogleAnalyticsFirebase */ = {
			isa = PBXNativeTarget;
			buildConfigurationList = 50908AE3242CEB5E00D0F2F0 /* Build configuration list for PBXNativeTarget "GoogleAnalyticsFirebase" */;
			buildPhases = (
				F4FD6F7377E8EA8D4D584E8C /* [CP] Check Pods Manifest.lock */,
				50908ACB242CEB5C00D0F2F0 /* Sources */,
				50908ACC242CEB5C00D0F2F0 /* Frameworks */,
				50908ACD242CEB5C00D0F2F0 /* Resources */,
				299D52F4C712FC5E1B9B5F28 /* [CP] Embed Pods Frameworks */,
			);
			buildRules = (
			);
			dependencies = (
			);
			name = GoogleAnalyticsFirebase;
			productName = GoogleAnalyticsFirebase;
			productReference = 50908ACF242CEB5C00D0F2F0 /* GoogleAnalyticsFirebase.app */;
			productType = "com.apple.product-type.application";
		};
/* End PBXNativeTarget section */

/* Begin PBXProject section */
		50908AC7242CEB5C00D0F2F0 /* Project object */ = {
			isa = PBXProject;
			attributes = {
				LastSwiftUpdateCheck = 1130;
				LastUpgradeCheck = 1130;
				ORGANIZATIONNAME = EdgeAngel;
				TargetAttributes = {
					50908ACE242CEB5C00D0F2F0 = {
						CreatedOnToolsVersion = 11.3.1;
					};
				};
			};
			buildConfigurationList = 50908ACA242CEB5C00D0F2F0 /* Build configuration list for PBXProject "GoogleAnalyticsFirebase" */;
			compatibilityVersion = "Xcode 9.3";
			developmentRegion = en;
			hasScannedForEncodings = 0;
			knownRegions = (
				en,
				Base,
			);
			mainGroup = 50908AC6242CEB5C00D0F2F0;
			productRefGroup = 50908AD0242CEB5C00D0F2F0 /* Products */;
			projectDirPath = "";
			projectRoot = "";
			targets = (
				50908ACE242CEB5C00D0F2F0 /* GoogleAnalyticsFirebase */,
			);
		};
/* End PBXProject section */

/* Begin PBXResourcesBuildPhase section */
		50908ACD242CEB5C00D0F2F0 /* Resources */ = {
			isa = PBXResourcesBuildPhase;
			buildActionMask = 2147483647;
			files = (
				50908ADF242CEB5E00D0F2F0 /* LaunchScreen.storyboard in Resources */,
				50908AE7242CECFD00D0F2F0 /* GoogleService-Info.plist in Resources */,
				50908ADC242CEB5E00D0F2F0 /* Assets.xcassets in Resources */,
				50908ADA242CEB5C00D0F2F0 /* Main.storyboard in Resources */,
			);
			runOnlyForDeploymentPostprocessing = 0;
		};
/* End PBXResourcesBuildPhase section */

/* Begin PBXShellScriptBuildPhase section */
		299D52F4C712FC5E1B9B5F28 /* [CP] Embed Pods Frameworks */ = {
			isa = PBXShellScriptBuildPhase;
			buildActionMask = 2147483647;
			files = (
			);
			inputFileListPaths = (
				"${PODS_ROOT}/Target Support Files/Pods-GoogleAnalyticsFirebase/Pods-GoogleAnalyticsFirebase-frameworks-${CONFIGURATION}-input-files.xcfilelist",
			);
			name = "[CP] Embed Pods Frameworks";
			outputFileListPaths = (
				"${PODS_ROOT}/Target Support Files/Pods-GoogleAnalyticsFirebase/Pods-GoogleAnalyticsFirebase-frameworks-${CONFIGURATION}-output-files.xcfilelist",
			);
			runOnlyForDeploymentPostprocessing = 0;
			shellPath = /bin/sh;
			shellScript = "\"${PODS_ROOT}/Target Support Files/Pods-GoogleAnalyticsFirebase/Pods-GoogleAnalyticsFirebase-frameworks.sh\"\n";
			showEnvVarsInLog = 0;
		};
		F4FD6F7377E8EA8D4D584E8C /* [CP] Check Pods Manifest.lock */ = {
			isa = PBXShellScriptBuildPhase;
			buildActionMask = 2147483647;
			files = (
			);
			inputFileListPaths = (
			);
			inputPaths = (
				"${PODS_PODFILE_DIR_PATH}/Podfile.lock",
				"${PODS_ROOT}/Manifest.lock",
			);
			name = "[CP] Check Pods Manifest.lock";
			outputFileListPaths = (
			);
			outputPaths = (
				"$(DERIVED_FILE_DIR)/Pods-GoogleAnalyticsFirebase-checkManifestLockResult.txt",
			);
			runOnlyForDeploymentPostprocessing = 0;
			shellPath = /bin/sh;
			shellScript = "diff \"${PODS_PODFILE_DIR_PATH}/Podfile.lock\" \"${PODS_ROOT}/Manifest.lock\" > /dev/null\nif [ $? != 0 ] ; then\n    # print error to STDERR\n    echo \"error: The sandbox is not in sync with the Podfile.lock. Run 'pod install' or update your CocoaPods installation.\" >&2\n    exit 1\nfi\n# This output is used by Xcode 'outputs' to avoid re-running this script phase.\necho \"SUCCESS\" > \"${SCRIPT_OUTPUT_FILE_0}\"\n";
			showEnvVarsInLog = 0;
		};
/* End PBXShellScriptBuildPhase section */

/* Begin PBXSourcesBuildPhase section */
		50908ACB242CEB5C00D0F2F0 /* Sources */ = {
			isa = PBXSourcesBuildPhase;
			buildActionMask = 2147483647;
			files = (
				50908AD7242CEB5C00D0F2F0 /* ViewController.swift in Sources */,
				50908AD3242CEB5C00D0F2F0 /* AppDelegate.swift in Sources */,
				50908AD5242CEB5C00D0F2F0 /* SceneDelegate.swift in Sources */,
			);
			runOnlyForDeploymentPostprocessing = 0;
		};
/* End PBXSourcesBuildPhase section */

/* Begin PBXVariantGroup section */
		50908AD8242CEB5C00D0F2F0 /* Main.storyboard */ = {
			isa = PBXVariantGroup;
			children = (
				50908AD9242CEB5C00D0F2F0 /* Base */,
			);
			name = Main.storyboard;
			sourceTree = "<group>";
		};
		50908ADD242CEB5E00D0F2F0 /* LaunchScreen.storyboard */ = {
			isa = PBXVariantGroup;
			children = (
				50908ADE242CEB5E00D0F2F0 /* Base */,
			);
			name = LaunchScreen.storyboard;
			sourceTree = "<group>";
		};
/* End PBXVariantGroup section */

/* Begin XCBuildConfiguration section */
		50908AE1242CEB5E00D0F2F0 /* Debug */ = {
			isa = XCBuildConfiguration;
			buildSettings = {
				ALWAYS_SEARCH_USER_PATHS = NO;
				CLANG_ANALYZER_NONNULL = YES;
				CLANG_ANALYZER_NUMBER_OBJECT_CONVERSION = YES_AGGRESSIVE;
				CLANG_CXX_LANGUAGE_STANDARD = "gnu++14";
				CLANG_CXX_LIBRARY = "libc++";
				CLANG_ENABLE_MODULES = YES;
				CLANG_ENABLE_OBJC_ARC = YES;
				CLANG_ENABLE_OBJC_WEAK = YES;
				CLANG_WARN_BLOCK_CAPTURE_AUTORELEASING = YES;
				CLANG_WARN_BOOL_CONVERSION = YES;
				CLANG_WARN_COMMA = YES;
				CLANG_WARN_CONSTANT_CONVERSION = YES;
				CLANG_WARN_DEPRECATED_OBJC_IMPLEMENTATIONS = YES;
				CLANG_WARN_DIRECT_OBJC_ISA_USAGE = YES_ERROR;
				CLANG_WARN_DOCUMENTATION_COMMENTS = YES;
				CLANG_WARN_EMPTY_BODY = YES;
				CLANG_WARN_ENUM_CONVERSION = YES;
				CLANG_WARN_INFINITE_RECURSION = YES;
				CLANG_WARN_INT_CONVERSION = YES;
				CLANG_WARN_NON_LITERAL_NULL_CONVERSION = YES;
				CLANG_WARN_OBJC_IMPLICIT_RETAIN_SELF = YES;
				CLANG_WARN_OBJC_LITERAL_CONVERSION = YES;
				CLANG_WARN_OBJC_ROOT_CLASS = YES_ERROR;
				CLANG_WARN_RANGE_LOOP_ANALYSIS = YES;
				CLANG_WARN_STRICT_PROTOTYPES = YES;
				CLANG_WARN_SUSPICIOUS_MOVE = YES;
				CLANG_WARN_UNGUARDED_AVAILABILITY = YES_AGGRESSIVE;
				CLANG_WARN_UNREACHABLE_CODE = YES;
				CLANG_WARN__DUPLICATE_METHOD_MATCH = YES;
				COPY_PHASE_STRIP = NO;
				DEBUG_INFORMATION_FORMAT = dwarf;
				ENABLE_STRICT_OBJC_MSGSEND = YES;
				ENABLE_TESTABILITY = YES;
				GCC_C_LANGUAGE_STANDARD = gnu11;
				GCC_DYNAMIC_NO_PIC = NO;
				GCC_NO_COMMON_BLOCKS = YES;
				GCC_OPTIMIZATION_LEVEL = 0;
				GCC_PREPROCESSOR_DEFINITIONS = (
					"DEBUG=1",
					"$(inherited)",
				);
				GCC_WARN_64_TO_32_BIT_CONVERSION = YES;
				GCC_WARN_ABOUT_RETURN_TYPE = YES_ERROR;
				GCC_WARN_UNDECLARED_SELECTOR = YES;
				GCC_WARN_UNINITIALIZED_AUTOS = YES_AGGRESSIVE;
				GCC_WARN_UNUSED_FUNCTION = YES;
				GCC_WARN_UNUSED_VARIABLE = YES;
				IPHONEOS_DEPLOYMENT_TARGET = 13.2;
				MTL_ENABLE_DEBUG_INFO = INCLUDE_SOURCE;
				MTL_FAST_MATH = YES;
				ONLY_ACTIVE_ARCH = YES;
				SDKROOT = iphoneos;
				SWIFT_ACTIVE_COMPILATION_CONDITIONS = DEBUG;
				SWIFT_OPTIMIZATION_LEVEL = "-Onone";
			};
			name = Debug;
		};
		50908AE2242CEB5E00D0F2F0 /* Release */ = {
			isa = XCBuildConfiguration;
			buildSettings = {
				ALWAYS_SEARCH_USER_PATHS = NO;
				CLANG_ANALYZER_NONNULL = YES;
				CLANG_ANALYZER_NUMBER_OBJECT_CONVERSION = YES_AGGRESSIVE;
				CLANG_CXX_LANGUAGE_STANDARD = "gnu++14";
				CLANG_CXX_LIBRARY = "libc++";
				CLANG_ENABLE_MODULES = YES;
				CLANG_ENABLE_OBJC_ARC = YES;
				CLANG_ENABLE_OBJC_WEAK = YES;
				CLANG_WARN_BLOCK_CAPTURE_AUTORELEASING = YES;
				CLANG_WARN_BOOL_CONVERSION = YES;
				CLANG_WARN_COMMA = YES;
				CLANG_WARN_CONSTANT_CONVERSION = YES;
				CLANG_WARN_DEPRECATED_OBJC_IMPLEMENTATIONS = YES;
				CLANG_WARN_DIRECT_OBJC_ISA_USAGE = YES_ERROR;
				CLANG_WARN_DOCUMENTATION_COMMENTS = YES;
				CLANG_WARN_EMPTY_BODY = YES;
				CLANG_WARN_ENUM_CONVERSION = YES;
				CLANG_WARN_INFINITE_RECURSION = YES;
				CLANG_WARN_INT_CONVERSION = YES;
				CLANG_WARN_NON_LITERAL_NULL_CONVERSION = YES;
				CLANG_WARN_OBJC_IMPLICIT_RETAIN_SELF = YES;
				CLANG_WARN_OBJC_LITERAL_CONVERSION = YES;
				CLANG_WARN_OBJC_ROOT_CLASS = YES_ERROR;
				CLANG_WARN_RANGE_LOOP_ANALYSIS = YES;
				CLANG_WARN_STRICT_PROTOTYPES = YES;
				CLANG_WARN_SUSPICIOUS_MOVE = YES;
				CLANG_WARN_UNGUARDED_AVAILABILITY = YES_AGGRESSIVE;
				CLANG_WARN_UNREACHABLE_CODE = YES;
				CLANG_WARN__DUPLICATE_METHOD_MATCH = YES;
				COPY_PHASE_STRIP = NO;
				DEBUG_INFORMATION_FORMAT = "dwarf-with-dsym";
				ENABLE_NS_ASSERTIONS = NO;
				ENABLE_STRICT_OBJC_MSGSEND = YES;
				GCC_C_LANGUAGE_STANDARD = gnu11;
				GCC_NO_COMMON_BLOCKS = YES;
				GCC_WARN_64_TO_32_BIT_CONVERSION = YES;
				GCC_WARN_ABOUT_RETURN_TYPE = YES_ERROR;
				GCC_WARN_UNDECLARED_SELECTOR = YES;
				GCC_WARN_UNINITIALIZED_AUTOS = YES_AGGRESSIVE;
				GCC_WARN_UNUSED_FUNCTION = YES;
				GCC_WARN_UNUSED_VARIABLE = YES;
				IPHONEOS_DEPLOYMENT_TARGET = 13.2;
				MTL_ENABLE_DEBUG_INFO = NO;
				MTL_FAST_MATH = YES;
				SDKROOT = iphoneos;
				SWIFT_COMPILATION_MODE = wholemodule;
				SWIFT_OPTIMIZATION_LEVEL = "-O";
				VALIDATE_PRODUCT = YES;
			};
			name = Release;
		};
		50908AE4242CEB5E00D0F2F0 /* Debug */ = {
			isa = XCBuildConfiguration;
			baseConfigurationReference = 0A186DC5FD8A66324559BA7E /* Pods-GoogleAnalyticsFirebase.debug.xcconfig */;
			buildSettings = {
				ASSETCATALOG_COMPILER_APPICON_NAME = AppIcon;
				CODE_SIGN_STYLE = Automatic;
				DEVELOPMENT_TEAM = 9PK7TN7ZHK;
				INFOPLIST_FILE = GoogleAnalyticsFirebase/Info.plist;
				LD_RUNPATH_SEARCH_PATHS = (
					"$(inherited)",
					"@executable_path/Frameworks",
				);
				PRODUCT_BUNDLE_IDENTIFIER = edgeangel.GoogleAnalyticsFirebase;
				PRODUCT_NAME = "$(TARGET_NAME)";
				SWIFT_VERSION = 5.0;
				TARGETED_DEVICE_FAMILY = "1,2";
			};
			name = Debug;
		};
		50908AE5242CEB5E00D0F2F0 /* Release */ = {
			isa = XCBuildConfiguration;
			baseConfigurationReference = 6849FB062840D3E54C9C310F /* Pods-GoogleAnalyticsFirebase.release.xcconfig */;
			buildSettings = {
				ASSETCATALOG_COMPILER_APPICON_NAME = AppIcon;
				CODE_SIGN_STYLE = Automatic;
				DEVELOPMENT_TEAM = 9PK7TN7ZHK;
				INFOPLIST_FILE = GoogleAnalyticsFirebase/Info.plist;
				LD_RUNPATH_SEARCH_PATHS = (
					"$(inherited)",
					"@executable_path/Frameworks",
				);
				PRODUCT_BUNDLE_IDENTIFIER = edgeangel.GoogleAnalyticsFirebase;
				PRODUCT_NAME = "$(TARGET_NAME)";
				SWIFT_VERSION = 5.0;
				TARGETED_DEVICE_FAMILY = "1,2";
			};
			name = Release;
		};
/* End XCBuildConfiguration section */

/* Begin XCConfigurationList section */
		50908ACA242CEB5C00D0F2F0 /* Build configuration list for PBXProject "GoogleAnalyticsFirebase" */ = {
			isa = XCConfigurationList;
			buildConfigurations = (
				50908AE1242CEB5E00D0F2F0 /* Debug */,
				50908AE2242CEB5E00D0F2F0 /* Release */,
			);
			defaultConfigurationIsVisible = 0;
			defaultConfigurationName = Release;
		};
		50908AE3242CEB5E00D0F2F0 /* Build configuration list for PBXNativeTarget "GoogleAnalyticsFirebase" */ = {
			isa = XCConfigurationList;
			buildConfigurations = (
				50908AE4242CEB5E00D0F2F0 /* Debug */,
				50908AE5242CEB5E00D0F2F0 /* Release */,
			);
			defaultConfigurationIsVisible = 0;
			defaultConfigurationName = Release;
		};
/* End XCConfigurationList section */
	};
	rootObject = 50908AC7242CEB5C00D0F2F0 /* Project object */;
}
